
Microsoft Visual Studio Solution File, Format Version 12.00
# Visual Studio Version 16
VisualStudioVersion = 16.0.30114.105
MinimumVisualStudioVersion = 10.0.40219.1
Project("{FAE04EC0-301F-11D3-BF4B-00C04F79EFBC}") = "ChartingViewComponent", "ChartingViewComponent\ChartingViewComponent.csproj", "{9F3B40AB-35C4-4F36-9E89-ED83B825ECBA}"
EndProject
Global
	GlobalSection(SolutionConfigurationPlatforms) = preSolution
		Debug|Any CPU = Debug|Any CPU
		Release|Any CPU = Release|Any CPU
	EndGlobalSection
	GlobalSection(ProjectConfigurationPlatforms) = postSolution
		{9F3B40AB-35C4-4F36-9E89-ED83B825ECBA}.Debug|Any CPU.ActiveCfg = Debug|Any CPU
		{9F3B40AB-35C4-4F36-9E89-ED83B825ECBA}.Debug|Any CPU.Build.0 = Debug|Any CPU
		{9F3B40AB-35C4-4F36-9E89-ED83B825ECBA}.Release|Any CPU.ActiveCfg = Release|Any CPU
		{9F3B40AB-35C4-4F36-9E89-ED83B825ECBA}.Release|Any CPU.Build.0 = Release|Any CPU
	EndGlobalSection
	GlobalSection(SolutionProperties) = preSolution
		HideSolutionNode = FALSE
	EndGlobalSection
	GlobalSection(ExtensibilityGlobals) = postSolution
		SolutionGuid = {6EBD7C8F-CACD-42DE-A2DA-2DDED15B5B30}
	EndGlobalSection
EndGlobal
